
Microsoft Visual Studio Solution File, Format Version 12.00
# Visual Studio Version 17
VisualStudioVersion = 17.2.32630.192
MinimumVisualStudioVersion = 10.0.40219.1
Project("{FAE04EC0-301F-11D3-BF4B-00C04F79EFBC}") = "KreditExsam", "KreditExsam\KreditExsam.csproj", "{C7FC68FF-651C-4330-AF89-60BF98FDD86E}"
EndProject
Global
	GlobalSection(SolutionConfigurationPlatforms) = preSolution
		Debug|Any CPU = Debug|Any CPU
		Release|Any CPU = Release|Any CPU
	EndGlobalSection
	GlobalSection(ProjectConfigurationPlatforms) = postSolution
		{C7FC68FF-651C-4330-AF89-60BF98FDD86E}.Debug|Any CPU.ActiveCfg = Debug|Any CPU
		{C7FC68FF-651C-4330-AF89-60BF98FDD86E}.Debug|Any CPU.Build.0 = Debug|Any CPU
		{C7FC68FF-651C-4330-AF89-60BF98FDD86E}.Release|Any CPU.ActiveCfg = Release|Any CPU
		{C7FC68FF-651C-4330-AF89-60BF98FDD86E}.Release|Any CPU.Build.0 = Release|Any CPU
	EndGlobalSection
	GlobalSection(SolutionProperties) = preSolution
		HideSolutionNode = FALSE
	EndGlobalSection
	GlobalSection(ExtensibilityGlobals) = postSolution
		SolutionGuid = {A7023D73-4DBF-4E94-B59B-2969ED2FBDE3}
	EndGlobalSection
EndGlobal
